Microsoft Visual Studio Solution File, Format Version 12.00
# Visual Studio Version 17
VisualStudioVersion = 17.5.2.0
MinimumVisualStudioVersion = 10.0.40219.1
Project("{FAE04EC0-301F-11D3-BF4B-00C04F79EFBC}") = "TradieTrack.Api", "TradieTrack.Api\TradieTrack.Api.csproj", "{F4460D5E-6D7C-BC05-27BE-35ED20A4A232}"
EndProject
Global
	GlobalSection(SolutionConfigurationPlatforms) = preSolution
		Debug|Any CPU = Debug|Any CPU
		Release|Any CPU = Release|Any CPU
	EndGlobalSection
	GlobalSection(ProjectConfigurationPlatforms) = postSolution
		{F4460D5E-6D7C-BC05-27BE-35ED20A4A232}.Debug|Any CPU.ActiveCfg = Debug|Any CPU
		{F4460D5E-6D7C-BC05-27BE-35ED20A4A232}.Debug|Any CPU.Build.0 = Debug|Any CPU
		{F4460D5E-6D7C-BC05-27BE-35ED20A4A232}.Release|Any CPU.ActiveCfg = Release|Any CPU
		{F4460D5E-6D7C-BC05-27BE-35ED20A4A232}.Release|Any CPU.Build.0 = Release|Any CPU
	EndGlobalSection
	GlobalSection(SolutionProperties) = preSolution
		HideSolutionNode = FALSE
	EndGlobalSection
	GlobalSection(ExtensibilityGlobals) = postSolution
		SolutionGuid = {99E3066B-03F1-43F2-BC7C-2607D0C89636}
	EndGlobalSection
EndGlobal
